// !$*UTF8*$!
{
	archiveVersion = 1;
	classes = {
	};
	objectVersion = 50;
	objects = {

/* Begin PBXBuildFile section */
		B14C1D9D246F15D10030A73F /* AppDelegate.swift in Sources */ = {isa = PBXBuildFile; fileRef = B14C1D9C246F15D10030A73F /* AppDelegate.swift */; };
		B14C1D9F246F15D10030A73F /* SceneDelegate.swift in Sources */ = {isa = PBXBuildFile; fileRef = B14C1D9E246F15D10030A73F /* SceneDelegate.swift */; };
		B14C1DA4246F15D10030A73F /* Main.storyboard in Resources */ = {isa = PBXBuildFile; fileRef = B14C1DA2246F15D10030A73F /* Main.storyboard */; };
		B14C1DA6246F15D20030A73F /* Assets.xcassets in Resources */ = {isa = PBXBuildFile; fileRef = B14C1DA5246F15D20030A73F /* Assets.xcassets */; };
		B14C1DA9246F15D20030A73F /* LaunchScreen.storyboard in Resources */ = {isa = PBXBuildFile; fileRef = B14C1DA7246F15D20030A73F /* LaunchScreen.storyboard */; };
		B14C1DB4246F5DA80030A73F /* CategoryTableViewController.swift in Sources */ = {isa = PBXBuildFile; fileRef = B14C1DB3246F5DA80030A73F /* CategoryTableViewController.swift */; };
		B14C1DB6246F5DB60030A73F /* MenuTableViewController.swift in Sources */ = {isa = PBXBuildFile; fileRef = B14C1DB5246F5DB60030A73F /* MenuTableViewController.swift */; };
		B14C1DB8246F5DCE0030A73F /* OrderTableViewController.swift in Sources */ = {isa = PBXBuildFile; fileRef = B14C1DB7246F5DCE0030A73F /* OrderTableViewController.swift */; };
		B14C1DBA246F5FA60030A73F /* MenuItemDetailViewController.swift in Sources */ = {isa = PBXBuildFile; fileRef = B14C1DB9246F5FA60030A73F /* MenuItemDetailViewController.swift */; };
		B14C1DBC246F61410030A73F /* MenuItem.swift in Sources */ = {isa = PBXBuildFile; fileRef = B14C1DBB246F61410030A73F /* MenuItem.swift */; };
		B14C1DBE246F638D0030A73F /* IntermediaryModels.swift in Sources */ = {isa = PBXBuildFile; fileRef = B14C1DBD246F638D0030A73F /* IntermediaryModels.swift */; };
		B14C1DC0246F64330030A73F /* Order.swift in Sources */ = {isa = PBXBuildFile; fileRef = B14C1DBF246F64330030A73F /* Order.swift */; };
		B14C1DC2246F64E40030A73F /* MenuController.swift in Sources */ = {isa = PBXBuildFile; fileRef = B14C1DC1246F64E40030A73F /* MenuController.swift */; };
		B1CCF9DB2470902200C57A32 /* OrderConfirmationViewController.swift in Sources */ = {isa = PBXBuildFile; fileRef = B1CCF9DA2470902200C57A32 /* OrderConfirmationViewController.swift */; };
/* End PBXBuildFile section */

/* Begin PBXFileReference section */
		B14C1D99246F15D10030A73F /* Restaurant.app */ = {isa = PBXFileReference; explicitFileType = wrapper.application; includeInIndex = 0; path = Restaurant.app; sourceTree = BUILT_PRODUCTS_DIR; };
		B14C1D9C246F15D10030A73F /* AppDelegate.swift */ = {isa = PBXFileReference; lastKnownFileType = sourcecode.swift; path = AppDelegate.swift; sourceTree = "<group>"; };
		B14C1D9E246F15D10030A73F /* SceneDelegate.swift */ = {isa = PBXFileReference; lastKnownFileType = sourcecode.swift; path = SceneDelegate.swift; sourceTree = "<group>"; };
		B14C1DA3246F15D10030A73F /* Base */ = {isa = PBXFileReference; lastKnownFileType = file.storyboard; name = Base; path = Base.lproj/Main.storyboard; sourceTree = "<group>"; };
		B14C1DA5246F15D20030A73F /* Assets.xcassets */ = {isa = PBXFileReference; lastKnownFileType = folder.assetcatalog; path = Assets.xcassets; sourceTree = "<group>"; };
		B14C1DA8246F15D20030A73F /* Base */ = {isa = PBXFileReference; lastKnownFileType = file.storyboard; name = Base; path = Base.lproj/LaunchScreen.storyboard; sourceTree = "<group>"; };
		B14C1DAA246F15D20030A73F /* Info.plist */ = {isa = PBXFileReference; lastKnownFileType = text.plist.xml; path = Info.plist; sourceTree = "<group>"; };
		B14C1DB3246F5DA80030A73F /* CategoryTableViewController.swift */ = {isa = PBXFileReference; lastKnownFileType = sourcecode.swift; path = CategoryTableViewController.swift; sourceTree = "<group>"; };
		B14C1DB5246F5DB60030A73F /* MenuTableViewController.swift */ = {isa = PBXFileReference; lastKnownFileType = sourcecode.swift; path = MenuTableViewController.swift; sourceTree = "<group>"; };
		B14C1DB7246F5DCE0030A73F /* OrderTableViewController.swift */ = {isa = PBXFileReference; lastKnownFileType = sourcecode.swift; path = OrderTableViewController.swift; sourceTree = "<group>"; };
		B14C1DB9246F5FA60030A73F /* MenuItemDetailViewController.swift */ = {isa = PBXFileReference; lastKnownFileType = sourcecode.swift; path = MenuItemDetailViewController.swift; sourceTree = "<group>"; };
		B14C1DBB246F61410030A73F /* MenuItem.swift */ = {isa = PBXFileReference; lastKnownFileType = sourcecode.swift; path = MenuItem.swift; sourceTree = "<group>"; };
		B14C1DBD246F638D0030A73F /* IntermediaryModels.swift */ = {isa = PBXFileReference; lastKnownFileType = sourcecode.swift; path = IntermediaryModels.swift; sourceTree = "<group>"; };
		B14C1DBF246F64330030A73F /* Order.swift */ = {isa = PBXFileReference; lastKnownFileType = sourcecode.swift; path = Order.swift; sourceTree = "<group>"; };
		B14C1DC1246F64E40030A73F /* MenuController.swift */ = {isa = PBXFileReference; lastKnownFileType = sourcecode.swift; path = MenuController.swift; sourceTree = "<group>"; };
		B1CCF9DA2470902200C57A32 /* OrderConfirmationViewController.swift */ = {isa = PBXFileReference; lastKnownFileType = sourcecode.swift; path = OrderConfirmationViewController.swift; sourceTree = "<group>"; };
/* End PBXFileReference section */

/* Begin PBXFrameworksBuildPhase section */
		B14C1D96246F15D10030A73F /* Frameworks */ = {
			isa = PBXFrameworksBuildPhase;
			buildActionMask = 2147483647;
			files = (
			);
			runOnlyForDeploymentPostprocessing = 0;
		};
/* End PBXFrameworksBuildPhase section */

/* Begin PBXGroup section */
		B14C1D90246F15D10030A73F = {
			isa = PBXGroup;
			children = (
				B14C1D9B246F15D10030A73F /* Restaurant */,
				B14C1D9A246F15D10030A73F /* Products */,
			);
			sourceTree = "<group>";
		};
		B14C1D9A246F15D10030A73F /* Products */ = {
			isa = PBXGroup;
			children = (
				B14C1D99246F15D10030A73F /* Restaurant.app */,
			);
			name = Products;
			sourceTree = "<group>";
		};
		B14C1D9B246F15D10030A73F /* Restaurant */ = {
			isa = PBXGroup;
			children = (
				B14C1DA5246F15D20030A73F /* Assets.xcassets */,
				B14C1DB1246F5D1D0030A73F /* Controllers */,
				B1CCF9DC2470B07F00C57A32 /* Delgates */,
				B14C1DAA246F15D20030A73F /* Info.plist */,
				B14C1DB0246F5D150030A73F /* Models */,
				B14C1DB2246F5D250030A73F /* Views */,
			);
			path = Restaurant;
			sourceTree = "<group>";
		};
		B14C1DB0246F5D150030A73F /* Models */ = {
			isa = PBXGroup;
			children = (
				B14C1DBB246F61410030A73F /* MenuItem.swift */,
				B14C1DBD246F638D0030A73F /* IntermediaryModels.swift */,
				B14C1DBF246F64330030A73F /* Order.swift */,
			);
			path = Models;
			sourceTree = "<group>";
		};
		B14C1DB1246F5D1D0030A73F /* Controllers */ = {
			isa = PBXGroup;
			children = (
				B14C1DB3246F5DA80030A73F /* CategoryTableViewController.swift */,
				B14C1DB5246F5DB60030A73F /* MenuTableViewController.swift */,
				B14C1DB7246F5DCE0030A73F /* OrderTableViewController.swift */,
				B14C1DB9246F5FA60030A73F /* MenuItemDetailViewController.swift */,
				B14C1DC1246F64E40030A73F /* MenuController.swift */,
				B1CCF9DA2470902200C57A32 /* OrderConfirmationViewController.swift */,
			);
			path = Controllers;
			sourceTree = "<group>";
		};
		B14C1DB2246F5D250030A73F /* Views */ = {
			isa = PBXGroup;
			children = (
				B14C1DA2246F15D10030A73F /* Main.storyboard */,
				B14C1DA7246F15D20030A73F /* LaunchScreen.storyboard */,
			);
			path = Views;
			sourceTree = "<group>";
		};
		B1CCF9DC2470B07F00C57A32 /* Delgates */ = {
			isa = PBXGroup;
			children = (
				B14C1D9C246F15D10030A73F /* AppDelegate.swift */,
				B14C1D9E246F15D10030A73F /* SceneDelegate.swift */,
			);
			path = Delgates;
			sourceTree = "<group>";
		};
/* End PBXGroup section */

/* Begin PBXNativeTarget section */
		B14C1D98246F15D10030A73F /* Restaurant */ = {
			isa = PBXNativeTarget;
			buildConfigurationList = B14C1DAD246F15D20030A73F /* Build configuration list for PBXNativeTarget "Restaurant" */;
			buildPhases = (
				B14C1D95246F15D10030A73F /* Sources */,
				B14C1D96246F15D10030A73F /* Frameworks */,
				B14C1D97246F15D10030A73F /* Resources */,
			);
			buildRules = (
			);
			dependencies = (
			);
			name = Restaurant;
			productName = Restaurant;
			productReference = B14C1D99246F15D10030A73F /* Restaurant.app */;
			productType = "com.apple.product-type.application";
		};
/* End PBXNativeTarget section */

/* Begin PBXProject section */
		B14C1D91246F15D10030A73F /* Project object */ = {
			isa = PBXProject;
			attributes = {
				LastSwiftUpdateCheck = 1140;
				LastUpgradeCheck = 1140;
				ORGANIZATIONNAME = AbneyAnalytics;
				TargetAttributes = {
					B14C1D98246F15D10030A73F = {
						CreatedOnToolsVersion = 11.4.1;
					};
				};
			};
			buildConfigurationList = B14C1D94246F15D10030A73F /* Build configuration list for PBXProject "Restaurant" */;
			compatibilityVersion = "Xcode 9.3";
			developmentRegion = en;
			hasScannedForEncodings = 0;
			knownRegions = (
				en,
				Base,
			);
			mainGroup = B14C1D90246F15D10030A73F;
			productRefGroup = B14C1D9A246F15D10030A73F /* Products */;
			projectDirPath = "";
			projectRoot = "";
			targets = (
				B14C1D98246F15D10030A73F /* Restaurant */,
			);
		};
/* End PBXProject section */

/* Begin PBXResourcesBuildPhase section */
		B14C1D97246F15D10030A73F /* Resources */ = {
			isa = PBXResourcesBuildPhase;
			buildActionMask = 2147483647;
			files = (
				B14C1DA9246F15D20030A73F /* LaunchScreen.storyboard in Resources */,
				B14C1DA6246F15D20030A73F /* Assets.xcassets in Resources */,
				B14C1DA4246F15D10030A73F /* Main.storyboard in Resources */,
			);
			runOnlyForDeploymentPostprocessing = 0;
		};
/* End PBXResourcesBuildPhase section */

/* Begin PBXSourcesBuildPhase section */
		B14C1D95246F15D10030A73F /* Sources */ = {
			isa = PBXSourcesBuildPhase;
			buildActionMask = 2147483647;
			files = (
				B14C1D9D246F15D10030A73F /* AppDelegate.swift in Sources */,
				B14C1DC0246F64330030A73F /* Order.swift in Sources */,
				B14C1DB6246F5DB60030A73F /* MenuTableViewController.swift in Sources */,
				B14C1DBA246F5FA60030A73F /* MenuItemDetailViewController.swift in Sources */,
				B14C1DC2246F64E40030A73F /* MenuController.swift in Sources */,
				B14C1D9F246F15D10030A73F /* SceneDelegate.swift in Sources */,
				B14C1DBE246F638D0030A73F /* IntermediaryModels.swift in Sources */,
				B1CCF9DB2470902200C57A32 /* OrderConfirmationViewController.swift in Sources */,
				B14C1DBC246F61410030A73F /* MenuItem.swift in Sources */,
				B14C1DB8246F5DCE0030A73F /* OrderTableViewController.swift in Sources */,
				B14C1DB4246F5DA80030A73F /* CategoryTableViewController.swift in Sources */,
			);
			runOnlyForDeploymentPostprocessing = 0;
		};
/* End PBXSourcesBuildPhase section */

/* Begin PBXVariantGroup section */
		B14C1DA2246F15D10030A73F /* Main.storyboard */ = {
			isa = PBXVariantGroup;
			children = (
				B14C1DA3246F15D10030A73F /* Base */,
			);
			name = Main.storyboard;
			sourceTree = "<group>";
		};
		B14C1DA7246F15D20030A73F /* LaunchScreen.storyboard */ = {
			isa = PBXVariantGroup;
			children = (
				B14C1DA8246F15D20030A73F /* Base */,
			);
			name = LaunchScreen.storyboard;
			sourceTree = "<group>";
		};
/* End PBXVariantGroup section */

/* Begin XCBuildConfiguration section */
		B14C1DAB246F15D20030A73F /* Debug */ = {
			isa = XCBuildConfiguration;
			buildSettings = {
				ALWAYS_SEARCH_USER_PATHS = NO;
				CLANG_ANALYZER_NONNULL = YES;
				CLANG_ANALYZER_NUMBER_OBJECT_CONVERSION = YES_AGGRESSIVE;
				CLANG_CXX_LANGUAGE_STANDARD = "gnu++14";
				CLANG_CXX_LIBRARY = "libc++";
				CLANG_ENABLE_MODULES = YES;
				CLANG_ENABLE_OBJC_ARC = YES;
				CLANG_ENABLE_OBJC_WEAK = YES;
				CLANG_WARN_BLOCK_CAPTURE_AUTORELEASING = YES;
				CLANG_WARN_BOOL_CONVERSION = YES;
				CLANG_WARN_COMMA = YES;
				CLANG_WARN_CONSTANT_CONVERSION = YES;
				CLANG_WARN_DEPRECATED_OBJC_IMPLEMENTATIONS = YES;
				CLANG_WARN_DIRECT_OBJC_ISA_USAGE = YES_ERROR;
				CLANG_WARN_DOCUMENTATION_COMMENTS = YES;
				CLANG_WARN_EMPTY_BODY = YES;
				CLANG_WARN_ENUM_CONVERSION = YES;
				CLANG_WARN_INFINITE_RECURSION = YES;
				CLANG_WARN_INT_CONVERSION = YES;
				CLANG_WARN_NON_LITERAL_NULL_CONVERSION = YES;
				CLANG_WARN_OBJC_IMPLICIT_RETAIN_SELF = YES;
				CLANG_WARN_OBJC_LITERAL_CONVERSION = YES;
				CLANG_WARN_OBJC_ROOT_CLASS = YES_ERROR;
				CLANG_WARN_RANGE_LOOP_ANALYSIS = YES;
				CLANG_WARN_STRICT_PROTOTYPES = YES;
				CLANG_WARN_SUSPICIOUS_MOVE = YES;
				CLANG_WARN_UNGUARDED_AVAILABILITY = YES_AGGRESSIVE;
				CLANG_WARN_UNREACHABLE_CODE = YES;
				CLANG_WARN__DUPLICATE_METHOD_MATCH = YES;
				COPY_PHASE_STRIP = NO;
				DEBUG_INFORMATION_FORMAT = dwarf;
				ENABLE_STRICT_OBJC_MSGSEND = YES;
				ENABLE_TESTABILITY = YES;
				GCC_C_LANGUAGE_STANDARD = gnu11;
				GCC_DYNAMIC_NO_PIC = NO;
				GCC_NO_COMMON_BLOCKS = YES;
				GCC_OPTIMIZATION_LEVEL = 0;
				GCC_PREPROCESSOR_DEFINITIONS = (
					"DEBUG=1",
					"$(inherited)",
				);
				GCC_WARN_64_TO_32_BIT_CONVERSION = YES;
				GCC_WARN_ABOUT_RETURN_TYPE = YES_ERROR;
				GCC_WARN_UNDECLARED_SELECTOR = YES;
				GCC_WARN_UNINITIALIZED_AUTOS = YES_AGGRESSIVE;
				GCC_WARN_UNUSED_FUNCTION = YES;
				GCC_WARN_UNUSED_VARIABLE = YES;
				IPHONEOS_DEPLOYMENT_TARGET = 13.4;
				MTL_ENABLE_DEBUG_INFO = INCLUDE_SOURCE;
				MTL_FAST_MATH = YES;
				ONLY_ACTIVE_ARCH = YES;
				SDKROOT = iphoneos;
				SWIFT_ACTIVE_COMPILATION_CONDITIONS = DEBUG;
				SWIFT_OPTIMIZATION_LEVEL = "-Onone";
			};
			name = Debug;
		};
		B14C1DAC246F15D20030A73F /* Release */ = {
			isa = XCBuildConfiguration;
			buildSettings = {
				ALWAYS_SEARCH_USER_PATHS = NO;
				CLANG_ANALYZER_NONNULL = YES;
				CLANG_ANALYZER_NUMBER_OBJECT_CONVERSION = YES_AGGRESSIVE;
				CLANG_CXX_LANGUAGE_STANDARD = "gnu++14";
				CLANG_CXX_LIBRARY = "libc++";
				CLANG_ENABLE_MODULES = YES;
				CLANG_ENABLE_OBJC_ARC = YES;
				CLANG_ENABLE_OBJC_WEAK = YES;
				CLANG_WARN_BLOCK_CAPTURE_AUTORELEASING = YES;
				CLANG_WARN_BOOL_CONVERSION = YES;
				CLANG_WARN_COMMA = YES;
				CLANG_WARN_CONSTANT_CONVERSION = YES;
				CLANG_WARN_DEPRECATED_OBJC_IMPLEMENTATIONS = YES;
				CLANG_WARN_DIRECT_OBJC_ISA_USAGE = YES_ERROR;
				CLANG_WARN_DOCUMENTATION_COMMENTS = YES;
				CLANG_WARN_EMPTY_BODY = YES;
				CLANG_WARN_ENUM_CONVERSION = YES;
				CLANG_WARN_INFINITE_RECURSION = YES;
				CLANG_WARN_INT_CONVERSION = YES;
				CLANG_WARN_NON_LITERAL_NULL_CONVERSION = YES;
				CLANG_WARN_OBJC_IMPLICIT_RETAIN_SELF = YES;
				CLANG_WARN_OBJC_LITERAL_CONVERSION = YES;
				CLANG_WARN_OBJC_ROOT_CLASS = YES_ERROR;
				CLANG_WARN_RANGE_LOOP_ANALYSIS = YES;
				CLANG_WARN_STRICT_PROTOTYPES = YES;
				CLANG_WARN_SUSPICIOUS_MOVE = YES;
				CLANG_WARN_UNGUARDED_AVAILABILITY = YES_AGGRESSIVE;
				CLANG_WARN_UNREACHABLE_CODE = YES;
				CLANG_WARN__DUPLICATE_METHOD_MATCH = YES;
				COPY_PHASE_STRIP = NO;
				DEBUG_INFORMATION_FORMAT = "dwarf-with-dsym";
				ENABLE_NS_ASSERTIONS = NO;
				ENABLE_STRICT_OBJC_MSGSEND = YES;
				GCC_C_LANGUAGE_STANDARD = gnu11;
				GCC_NO_COMMON_BLOCKS = YES;
				GCC_WARN_64_TO_32_BIT_CONVERSION = YES;
				GCC_WARN_ABOUT_RETURN_TYPE = YES_ERROR;
				GCC_WARN_UNDECLARED_SELECTOR = YES;
				GCC_WARN_UNINITIALIZED_AUTOS = YES_AGGRESSIVE;
				GCC_WARN_UNUSED_FUNCTION = YES;
				GCC_WARN_UNUSED_VARIABLE = YES;
				IPHONEOS_DEPLOYMENT_TARGET = 13.4;
				MTL_ENABLE_DEBUG_INFO = NO;
				MTL_FAST_MATH = YES;
				SDKROOT = iphoneos;
				SWIFT_COMPILATION_MODE = wholemodule;
				SWIFT_OPTIMIZATION_LEVEL = "-O";
				VALIDATE_PRODUCT = YES;
			};
			name = Release;
		};
		B14C1DAE246F15D20030A73F /* Debug */ = {
			isa = XCBuildConfiguration;
			buildSettings = {
				ASSETCATALOG_COMPILER_APPICON_NAME = AppIcon;
				CODE_SIGN_STYLE = Automatic;
				DEVELOPMENT_TEAM = W7ULA4X9L6;
				INFOPLIST_FILE = Restaurant/Info.plist;
				LD_RUNPATH_SEARCH_PATHS = (
					"$(inherited)",
					"@executable_path/Frameworks",
				);
				PRODUCT_BUNDLE_IDENTIFIER = com.abneyanalytics.Restaurant;
				PRODUCT_NAME = "$(TARGET_NAME)";
				SWIFT_VERSION = 5.0;
				TARGETED_DEVICE_FAMILY = "1,2";
			};
			name = Debug;
		};
		B14C1DAF246F15D20030A73F /* Release */ = {
			isa = XCBuildConfiguration;
			buildSettings = {
				ASSETCATALOG_COMPILER_APPICON_NAME = AppIcon;
				CODE_SIGN_STYLE = Automatic;
				DEVELOPMENT_TEAM = W7ULA4X9L6;
				INFOPLIST_FILE = Restaurant/Info.plist;
				LD_RUNPATH_SEARCH_PATHS = (
					"$(inherited)",
					"@executable_path/Frameworks",
				);
				PRODUCT_BUNDLE_IDENTIFIER = com.abneyanalytics.Restaurant;
				PRODUCT_NAME = "$(TARGET_NAME)";
				SWIFT_VERSION = 5.0;
				TARGETED_DEVICE_FAMILY = "1,2";
			};
			name = Release;
		};
/* End XCBuildConfiguration section */

/* Begin XCConfigurationList section */
		B14C1D94246F15D10030A73F /* Build configuration list for PBXProject "Restaurant" */ = {
			isa = XCConfigurationList;
			buildConfigurations = (
				B14C1DAB246F15D20030A73F /* Debug */,
				B14C1DAC246F15D20030A73F /* Release */,
			);
			defaultConfigurationIsVisible = 0;
			defaultConfigurationName = Release;
		};
		B14C1DAD246F15D20030A73F /* Build configuration list for PBXNativeTarget "Restaurant" */ = {
			isa = XCConfigurationList;
			buildConfigurations = (
				B14C1DAE246F15D20030A73F /* Debug */,
				B14C1DAF246F15D20030A73F /* Release */,
			);
			defaultConfigurationIsVisible = 0;
			defaultConfigurationName = Release;
		};
/* End XCConfigurationList section */
	};
	rootObject = B14C1D91246F15D10030A73F /* Project object */;
}
